// !$*UTF8*$!
{
	archiveVersion = 1;
	classes = {
	};
	objectVersion = 48;
	objects = {

/* Begin PBXBuildFile section */
		BCF36AD71FCDAD7900D76823 /* AppDelegate.swift in Sources */ = {isa = PBXBuildFile; fileRef = BCF36AD61FCDAD7900D76823 /* AppDelegate.swift */; };
		BCF36AD91FCDAD7900D76823 /* ViewController.swift in Sources */ = {isa = PBXBuildFile; fileRef = BCF36AD81FCDAD7900D76823 /* ViewController.swift */; };
		BCF36ADC1FCDAD7900D76823 /* Main.storyboard in Resources */ = {isa = PBXBuildFile; fileRef = BCF36ADA1FCDAD7900D76823 /* Main.storyboard */; };
		BCF36ADE1FCDAD7900D76823 /* Assets.xcassets in Resources */ = {isa = PBXBuildFile; fileRef = BCF36ADD1FCDAD7900D76823 /* Assets.xcassets */; };
		BCF36AE11FCDAD7900D76823 /* LaunchScreen.storyboard in Resources */ = {isa = PBXBuildFile; fileRef = BCF36ADF1FCDAD7900D76823 /* LaunchScreen.storyboard */; };
		BCF36AEC1FCDAD7900D76823 /* TestGitTests.swift in Sources */ = {isa = PBXBuildFile; fileRef = BCF36AEB1FCDAD7900D76823 /* TestGitTests.swift */; };
		BCF36AF71FCDAD7900D76823 /* TestGitUITests.swift in Sources */ = {isa = PBXBuildFile; fileRef = BCF36AF61FCDAD7900D76823 /* TestGitUITests.swift */; };
/* End PBXBuildFile section */

/* Begin PBXContainerItemProxy section */
		BCF36AE81FCDAD7900D76823 /* PBXContainerItemProxy */ = {
			isa = PBXContainerItemProxy;
			containerPortal = BCF36ACB1FCDAD7900D76823 /* Project object */;
			proxyType = 1;
			remoteGlobalIDString = BCF36AD21FCDAD7900D76823;
			remoteInfo = TestGit;
		};
		BCF36AF31FCDAD7900D76823 /* PBXContainerItemProxy */ = {
			isa = PBXContainerItemProxy;
			containerPortal = BCF36ACB1FCDAD7900D76823 /* Project object */;
			proxyType = 1;
			remoteGlobalIDString = BCF36AD21FCDAD7900D76823;
			remoteInfo = TestGit;
		};
/* End PBXContainerItemProxy section */

/* Begin PBXFileReference section */
		BCF36AD31FCDAD7900D76823 /* TestGit.app */ = {isa = PBXFileReference; explicitFileType = wrapper.application; includeInIndex = 0; path = TestGit.app; sourceTree = BUILT_PRODUCTS_DIR; };
		BCF36AD61FCDAD7900D76823 /* AppDelegate.swift */ = {isa = PBXFileReference; lastKnownFileType = sourcecode.swift; path = AppDelegate.swift; sourceTree = "<group>"; };
		BCF36AD81FCDAD7900D76823 /* ViewController.swift */ = {isa = PBXFileReference; lastKnownFileType = sourcecode.swift; path = ViewController.swift; sourceTree = "<group>"; };
		BCF36ADB1FCDAD7900D76823 /* Base */ = {isa = PBXFileReference; lastKnownFileType = file.storyboard; name = Base; path = Base.lproj/Main.storyboard; sourceTree = "<group>"; };
		BCF36ADD1FCDAD7900D76823 /* Assets.xcassets */ = {isa = PBXFileReference; lastKnownFileType = folder.assetcatalog; path = Assets.xcassets; sourceTree = "<group>"; };
		BCF36AE01FCDAD7900D76823 /* Base */ = {isa = PBXFileReference; lastKnownFileType = file.storyboard; name = Base; path = Base.lproj/LaunchScreen.storyboard; sourceTree = "<group>"; };
		BCF36AE21FCDAD7900D76823 /* Info.plist */ = {isa = PBXFileReference; lastKnownFileType = text.plist.xml; path = Info.plist; sourceTree = "<group>"; };
		BCF36AE71FCDAD7900D76823 /* TestGitTests.xctest */ = {isa = PBXFileReference; explicitFileType = wrapper.cfbundle; includeInIndex = 0; path = TestGitTests.xctest; sourceTree = BUILT_PRODUCTS_DIR; };
		BCF36AEB1FCDAD7900D76823 /* TestGitTests.swift */ = {isa = PBXFileReference; lastKnownFileType = sourcecode.swift; path = TestGitTests.swift; sourceTree = "<group>"; };
		BCF36AED1FCDAD7900D76823 /* Info.plist */ = {isa = PBXFileReference; lastKnownFileType = text.plist.xml; path = Info.plist; sourceTree = "<group>"; };
		BCF36AF21FCDAD7900D76823 /* TestGitUITests.xctest */ = {isa = PBXFileReference; explicitFileType = wrapper.cfbundle; includeInIndex = 0; path = TestGitUITests.xctest; sourceTree = BUILT_PRODUCTS_DIR; };
		BCF36AF61FCDAD7900D76823 /* TestGitUITests.swift */ = {isa = PBXFileReference; lastKnownFileType = sourcecode.swift; path = TestGitUITests.swift; sourceTree = "<group>"; };
		BCF36AF81FCDAD7900D76823 /* Info.plist */ = {isa = PBXFileReference; lastKnownFileType = text.plist.xml; path = Info.plist; sourceTree = "<group>"; };
/* End PBXFileReference section */

/* Begin PBXFrameworksBuildPhase section */
		BCF36AD01FCDAD7900D76823 /* Frameworks */ = {
			isa = PBXFrameworksBuildPhase;
			buildActionMask = 2147483647;
			files = (
			);
			runOnlyForDeploymentPostprocessing = 0;
		};
		BCF36AE41FCDAD7900D76823 /* Frameworks */ = {
			isa = PBXFrameworksBuildPhase;
			buildActionMask = 2147483647;
			files = (
			);
			runOnlyForDeploymentPostprocessing = 0;
		};
		BCF36AEF1FCDAD7900D76823 /* Frameworks */ = {
			isa = PBXFrameworksBuildPhase;
			buildActionMask = 2147483647;
			files = (
			);
			runOnlyForDeploymentPostprocessing = 0;
		};
/* End PBXFrameworksBuildPhase section */

/* Begin PBXGroup section */
		BCF36ACA1FCDAD7900D76823 = {
			isa = PBXGroup;
			children = (
				BCF36AD51FCDAD7900D76823 /* TestGit */,
				BCF36AEA1FCDAD7900D76823 /* TestGitTests */,
				BCF36AF51FCDAD7900D76823 /* TestGitUITests */,
				BCF36AD41FCDAD7900D76823 /* Products */,
			);
			sourceTree = "<group>";
		};
		BCF36AD41FCDAD7900D76823 /* Products */ = {
			isa = PBXGroup;
			children = (
				BCF36AD31FCDAD7900D76823 /* TestGit.app */,
				BCF36AE71FCDAD7900D76823 /* TestGitTests.xctest */,
				BCF36AF21FCDAD7900D76823 /* TestGitUITests.xctest */,
			);
			name = Products;
			sourceTree = "<group>";
		};
		BCF36AD51FCDAD7900D76823 /* TestGit */ = {
			isa = PBXGroup;
			children = (
				BCF36AD61FCDAD7900D76823 /* AppDelegate.swift */,
				BCF36AD81FCDAD7900D76823 /* ViewController.swift */,
				BCF36ADA1FCDAD7900D76823 /* Main.storyboard */,
				BCF36ADD1FCDAD7900D76823 /* Assets.xcassets */,
				BCF36ADF1FCDAD7900D76823 /* LaunchScreen.storyboard */,
				BCF36AE21FCDAD7900D76823 /* Info.plist */,
			);
			path = TestGit;
			sourceTree = "<group>";
		};
		BCF36AEA1FCDAD7900D76823 /* TestGitTests */ = {
			isa = PBXGroup;
			children = (
				BCF36AEB1FCDAD7900D76823 /* TestGitTests.swift */,
				BCF36AED1FCDAD7900D76823 /* Info.plist */,
			);
			path = TestGitTests;
			sourceTree = "<group>";
		};
		BCF36AF51FCDAD7900D76823 /* TestGitUITests */ = {
			isa = PBXGroup;
			children = (
				BCF36AF61FCDAD7900D76823 /* TestGitUITests.swift */,
				BCF36AF81FCDAD7900D76823 /* Info.plist */,
			);
			path = TestGitUITests;
			sourceTree = "<group>";
		};
/* End PBXGroup section */

/* Begin PBXNativeTarget section */
		BCF36AD21FCDAD7900D76823 /* TestGit */ = {
			isa = PBXNativeTarget;
			buildConfigurationList = BCF36AFB1FCDAD7900D76823 /* Build configuration list for PBXNativeTarget "TestGit" */;
			buildPhases = (
				BCF36ACF1FCDAD7900D76823 /* Sources */,
				BCF36AD01FCDAD7900D76823 /* Frameworks */,
				BCF36AD11FCDAD7900D76823 /* Resources */,
			);
			buildRules = (
			);
			dependencies = (
			);
			name = TestGit;
			productName = TestGit;
			productReference = BCF36AD31FCDAD7900D76823 /* TestGit.app */;
			productType = "com.apple.product-type.application";
		};
		BCF36AE61FCDAD7900D76823 /* TestGitTests */ = {
			isa = PBXNativeTarget;
			buildConfigurationList = BCF36AFE1FCDAD7900D76823 /* Build configuration list for PBXNativeTarget "TestGitTests" */;
			buildPhases = (
				BCF36AE31FCDAD7900D76823 /* Sources */,
				BCF36AE41FCDAD7900D76823 /* Frameworks */,
				BCF36AE51FCDAD7900D76823 /* Resources */,
			);
			buildRules = (
			);
			dependencies = (
				BCF36AE91FCDAD7900D76823 /* PBXTargetDependency */,
			);
			name = TestGitTests;
			productName = TestGitTests;
			productReference = BCF36AE71FCDAD7900D76823 /* TestGitTests.xctest */;
			productType = "com.apple.product-type.bundle.unit-test";
		};
		BCF36AF11FCDAD7900D76823 /* TestGitUITests */ = {
			isa = PBXNativeTarget;
			buildConfigurationList = BCF36B011FCDAD7900D76823 /* Build configuration list for PBXNativeTarget "TestGitUITests" */;
			buildPhases = (
				BCF36AEE1FCDAD7900D76823 /* Sources */,
				BCF36AEF1FCDAD7900D76823 /* Frameworks */,
				BCF36AF01FCDAD7900D76823 /* Resources */,
			);
			buildRules = (
			);
			dependencies = (
				BCF36AF41FCDAD7900D76823 /* PBXTargetDependency */,
			);
			name = TestGitUITests;
			productName = TestGitUITests;
			productReference = BCF36AF21FCDAD7900D76823 /* TestGitUITests.xctest */;
			productType = "com.apple.product-type.bundle.ui-testing";
		};
/* End PBXNativeTarget section */

/* Begin PBXProject section */
		BCF36ACB1FCDAD7900D76823 /* Project object */ = {
			isa = PBXProject;
			attributes = {
				LastSwiftUpdateCheck = 0900;
				LastUpgradeCheck = 0900;
				ORGANIZATIONNAME = "CS Student";
				TargetAttributes = {
					BCF36AD21FCDAD7900D76823 = {
						CreatedOnToolsVersion = 9.0;
						ProvisioningStyle = Automatic;
					};
					BCF36AE61FCDAD7900D76823 = {
						CreatedOnToolsVersion = 9.0;
						ProvisioningStyle = Automatic;
						TestTargetID = BCF36AD21FCDAD7900D76823;
					};
					BCF36AF11FCDAD7900D76823 = {
						CreatedOnToolsVersion = 9.0;
						ProvisioningStyle = Automatic;
						TestTargetID = BCF36AD21FCDAD7900D76823;
					};
				};
			};
			buildConfigurationList = BCF36ACE1FCDAD7900D76823 /* Build configuration list for PBXProject "TestGit" */;
			compatibilityVersion = "Xcode 8.0";
			developmentRegion = en;
			hasScannedForEncodings = 0;
			knownRegions = (
				en,
				Base,
			);
			mainGroup = BCF36ACA1FCDAD7900D76823;
			productRefGroup = BCF36AD41FCDAD7900D76823 /* Products */;
			projectDirPath = "";
			projectRoot = "";
			targets = (
				BCF36AD21FCDAD7900D76823 /* TestGit */,
				BCF36AE61FCDAD7900D76823 /* TestGitTests */,
				BCF36AF11FCDAD7900D76823 /* TestGitUITests */,
			);
		};
/* End PBXProject section */

/* Begin PBXResourcesBuildPhase section */
		BCF36AD11FCDAD7900D76823 /* Resources */ = {
			isa = PBXResourcesBuildPhase;
			buildActionMask = 2147483647;
			files = (
				BCF36AE11FCDAD7900D76823 /* LaunchScreen.storyboard in Resources */,
				BCF36ADE1FCDAD7900D76823 /* Assets.xcassets in Resources */,
				BCF36ADC1FCDAD7900D76823 /* Main.storyboard in Resources */,
			);
			runOnlyForDeploymentPostprocessing = 0;
		};
		BCF36AE51FCDAD7900D76823 /* Resources */ = {
			isa = PBXResourcesBuildPhase;
			buildActionMask = 2147483647;
			files = (
			);
			runOnlyForDeploymentPostprocessing = 0;
		};
		BCF36AF01FCDAD7900D76823 /* Resources */ = {
			isa = PBXResourcesBuildPhase;
			buildActionMask = 2147483647;
			files = (
			);
			runOnlyForDeploymentPostprocessing = 0;
		};
/* End PBXResourcesBuildPhase section */

/* Begin PBXSourcesBuildPhase section */
		BCF36ACF1FCDAD7900D76823 /* Sources */ = {
			isa = PBXSourcesBuildPhase;
			buildActionMask = 2147483647;
			files = (
				BCF36AD91FCDAD7900D76823 /* ViewController.swift in Sources */,
				BCF36AD71FCDAD7900D76823 /* AppDelegate.swift in Sources */,
			);
			runOnlyForDeploymentPostprocessing = 0;
		};
		BCF36AE31FCDAD7900D76823 /* Sources */ = {
			isa = PBXSourcesBuildPhase;
			buildActionMask = 2147483647;
			files = (
				BCF36AEC1FCDAD7900D76823 /* TestGitTests.swift in Sources */,
			);
			runOnlyForDeploymentPostprocessing = 0;
		};
		BCF36AEE1FCDAD7900D76823 /* Sources */ = {
			isa = PBXSourcesBuildPhase;
			buildActionMask = 2147483647;
			files = (
				BCF36AF71FCDAD7900D76823 /* TestGitUITests.swift in Sources */,
			);
			runOnlyForDeploymentPostprocessing = 0;
		};
/* End PBXSourcesBuildPhase section */

/* Begin PBXTargetDependency section */
		BCF36AE91FCDAD7900D76823 /* PBXTargetDependency */ = {
			isa = PBXTargetDependency;
			target = BCF36AD21FCDAD7900D76823 /* TestGit */;
			targetProxy = BCF36AE81FCDAD7900D76823 /* PBXContainerItemProxy */;
		};
		BCF36AF41FCDAD7900D76823 /* PBXTargetDependency */ = {
			isa = PBXTargetDependency;
			target = BCF36AD21FCDAD7900D76823 /* TestGit */;
			targetProxy = BCF36AF31FCDAD7900D76823 /* PBXContainerItemProxy */;
		};
/* End PBXTargetDependency section */

/* Begin PBXVariantGroup section */
		BCF36ADA1FCDAD7900D76823 /* Main.storyboard */ = {
			isa = PBXVariantGroup;
			children = (
				BCF36ADB1FCDAD7900D76823 /* Base */,
			);
			name = Main.storyboard;
			sourceTree = "<group>";
		};
		BCF36ADF1FCDAD7900D76823 /* LaunchScreen.storyboard */ = {
			isa = PBXVariantGroup;
			children = (
				BCF36AE01FCDAD7900D76823 /* Base */,
			);
			name = LaunchScreen.storyboard;
			sourceTree = "<group>";
		};
/* End PBXVariantGroup section */

/* Begin XCBuildConfiguration section */
		BCF36AF91FCDAD7900D76823 /* Debug */ = {
			isa = XCBuildConfiguration;
			buildSettings = {
				ALWAYS_SEARCH_USER_PATHS = NO;
				CLANG_ANALYZER_NONNULL = YES;
				CLANG_ANALYZER_NUMBER_OBJECT_CONVERSION = YES_AGGRESSIVE;
				CLANG_CXX_LANGUAGE_STANDARD = "gnu++14";
				CLANG_CXX_LIBRARY = "libc++";
				CLANG_ENABLE_MODULES = YES;
				CLANG_ENABLE_OBJC_ARC = YES;
				CLANG_WARN_BLOCK_CAPTURE_AUTORELEASING = YES;
				CLANG_WARN_BOOL_CONVERSION = YES;
				CLANG_WARN_COMMA = YES;
				CLANG_WARN_CONSTANT_CONVERSION = YES;
				CLANG_WARN_DIRECT_OBJC_ISA_USAGE = YES_ERROR;
				CLANG_WARN_DOCUMENTATION_COMMENTS = YES;
				CLANG_WARN_EMPTY_BODY = YES;
				CLANG_WARN_ENUM_CONVERSION = YES;
				CLANG_WARN_INFINITE_RECURSION = YES;
				CLANG_WARN_INT_CONVERSION = YES;
				CLANG_WARN_NON_LITERAL_NULL_CONVERSION = YES;
				CLANG_WARN_OBJC_LITERAL_CONVERSION = YES;
				CLANG_WARN_OBJC_ROOT_CLASS = YES_ERROR;
				CLANG_WARN_RANGE_LOOP_ANALYSIS = YES;
				CLANG_WARN_STRICT_PROTOTYPES = YES;
				CLANG_WARN_SUSPICIOUS_MOVE = YES;
				CLANG_WARN_UNGUARDED_AVAILABILITY = YES_AGGRESSIVE;
				CLANG_WARN_UNREACHABLE_CODE = YES;
				CLANG_WARN__DUPLICATE_METHOD_MATCH = YES;
				CODE_SIGN_IDENTITY = "iPhone Developer";
				COPY_PHASE_STRIP = NO;
				DEBUG_INFORMATION_FORMAT = dwarf;
				ENABLE_STRICT_OBJC_MSGSEND = YES;
				ENABLE_TESTABILITY = YES;
				GCC_C_LANGUAGE_STANDARD = gnu11;
				GCC_DYNAMIC_NO_PIC = NO;
				GCC_NO_COMMON_BLOCKS = YES;
				GCC_OPTIMIZATION_LEVEL = 0;
				GCC_PREPROCESSOR_DEFINITIONS = (
					"DEBUG=1",
					"$(inherited)",
				);
				GCC_WARN_64_TO_32_BIT_CONVERSION = YES;
				GCC_WARN_ABOUT_RETURN_TYPE = YES_ERROR;
				GCC_WARN_UNDECLARED_SELECTOR = YES;
				GCC_WARN_UNINITIALIZED_AUTOS = YES_AGGRESSIVE;
				GCC_WARN_UNUSED_FUNCTION = YES;
				GCC_WARN_UNUSED_VARIABLE = YES;
				IPHONEOS_DEPLOYMENT_TARGET = 11.0;
				MTL_ENABLE_DEBUG_INFO = YES;
				ONLY_ACTIVE_ARCH = YES;
				SDKROOT = iphoneos;
				SWIFT_ACTIVE_COMPILATION_CONDITIONS = DEBUG;
				SWIFT_OPTIMIZATION_LEVEL = "-Onone";
			};
			name = Debug;
		};
		BCF36AFA1FCDAD7900D76823 /* Release */ = {
			isa = XCBuildConfiguration;
			buildSettings = {
				ALWAYS_SEARCH_USER_PATHS = NO;
				CLANG_ANALYZER_NONNULL = YES;
				CLANG_ANALYZER_NUMBER_OBJECT_CONVERSION = YES_AGGRESSIVE;
				CLANG_CXX_LANGUAGE_STANDARD = "gnu++14";
				CLANG_CXX_LIBRARY = "libc++";
				CLANG_ENABLE_MODULES = YES;
				CLANG_ENABLE_OBJC_ARC = YES;
				CLANG_WARN_BLOCK_CAPTURE_AUTORELEASING = YES;
				CLANG_WARN_BOOL_CONVERSION = YES;
				CLANG_WARN_COMMA = YES;
				CLANG_WARN_CONSTANT_CONVERSION = YES;
				CLANG_WARN_DIRECT_OBJC_ISA_USAGE = YES_ERROR;
				CLANG_WARN_DOCUMENTATION_COMMENTS = YES;
				CLANG_WARN_EMPTY_BODY = YES;
				CLANG_WARN_ENUM_CONVERSION = YES;
				CLANG_WARN_INFINITE_RECURSION = YES;
				CLANG_WARN_INT_CONVERSION = YES;
				CLANG_WARN_NON_LITERAL_NULL_CONVERSION = YES;
				CLANG_WARN_OBJC_LITERAL_CONVERSION = YES;
				CLANG_WARN_OBJC_ROOT_CLASS = YES_ERROR;
				CLANG_WARN_RANGE_LOOP_ANALYSIS = YES;
				CLANG_WARN_STRICT_PROTOTYPES = YES;
				CLANG_WARN_SUSPICIOUS_MOVE = YES;
				CLANG_WARN_UNGUARDED_AVAILABILITY = YES_AGGRESSIVE;
				CLANG_WARN_UNREACHABLE_CODE = YES;
				CLANG_WARN__DUPLICATE_METHOD_MATCH = YES;
				CODE_SIGN_IDENTITY = "iPhone Developer";
				COPY_PHASE_STRIP = NO;
				DEBUG_INFORMATION_FORMAT = "dwarf-with-dsym";
				ENABLE_NS_ASSERTIONS = NO;
				ENABLE_STRICT_OBJC_MSGSEND = YES;
				GCC_C_LANGUAGE_STANDARD = gnu11;
				GCC_NO_COMMON_BLOCKS = YES;
				GCC_WARN_64_TO_32_BIT_CONVERSION = YES;
				GCC_WARN_ABOUT_RETURN_TYPE = YES_ERROR;
				GCC_WARN_UNDECLARED_SELECTOR = YES;
				GCC_WARN_UNINITIALIZED_AUTOS = YES_AGGRESSIVE;
				GCC_WARN_UNUSED_FUNCTION = YES;
				GCC_WARN_UNUSED_VARIABLE = YES;
				IPHONEOS_DEPLOYMENT_TARGET = 11.0;
				MTL_ENABLE_DEBUG_INFO = NO;
				SDKROOT = iphoneos;
				SWIFT_OPTIMIZATION_LEVEL = "-Owholemodule";
				VALIDATE_PRODUCT = YES;
			};
			name = Release;
		};
		BCF36AFC1FCDAD7900D76823 /* Debug */ = {
			isa = XCBuildConfiguration;
			buildSettings = {
				ASSETCATALOG_COMPILER_APPICON_NAME = AppIcon;
				CODE_SIGN_STYLE = Automatic;
				INFOPLIST_FILE = TestGit/Info.plist;
				LD_RUNPATH_SEARCH_PATHS = "$(inherited) @executable_path/Frameworks";
				PRODUCT_BUNDLE_IDENTIFIER = chci.TestGit;
				PRODUCT_NAME = "$(TARGET_NAME)";
				SWIFT_VERSION = 4.0;
				TARGETED_DEVICE_FAMILY = "1,2";
			};
			name = Debug;
		};
		BCF36AFD1FCDAD7900D76823 /* Release */ = {
			isa = XCBuildConfiguration;
			buildSettings = {
				ASSETCATALOG_COMPILER_APPICON_NAME = AppIcon;
				CODE_SIGN_STYLE = Automatic;
				INFOPLIST_FILE = TestGit/Info.plist;
				LD_RUNPATH_SEARCH_PATHS = "$(inherited) @executable_path/Frameworks";
				PRODUCT_BUNDLE_IDENTIFIER = chci.TestGit;
				PRODUCT_NAME = "$(TARGET_NAME)";
				SWIFT_VERSION = 4.0;
				TARGETED_DEVICE_FAMILY = "1,2";
			};
			name = Release;
		};
		BCF36AFF1FCDAD7900D76823 /* Debug */ = {
			isa = XCBuildConfiguration;
			buildSettings = {
				ALWAYS_EMBED_SWIFT_STANDARD_LIBRARIES = YES;
				BUNDLE_LOADER = "$(TEST_HOST)";
				CODE_SIGN_STYLE = Automatic;
				INFOPLIST_FILE = TestGitTests/Info.plist;
				LD_RUNPATH_SEARCH_PATHS = "$(inherited) @executable_path/Frameworks @loader_path/Frameworks";
				PRODUCT_BUNDLE_IDENTIFIER = chci.TestGitTests;
				PRODUCT_NAME = "$(TARGET_NAME)";
				SWIFT_VERSION = 4.0;
				TARGETED_DEVICE_FAMILY = "1,2";
				TEST_HOST = "$(BUILT_PRODUCTS_DIR)/TestGit.app/TestGit";
			};
			name = Debug;
		};
		BCF36B001FCDAD7900D76823 /* Release */ = {
			isa = XCBuildConfiguration;
			buildSettings = {
				ALWAYS_EMBED_SWIFT_STANDARD_LIBRARIES = YES;
				BUNDLE_LOADER = "$(TEST_HOST)";
				CODE_SIGN_STYLE = Automatic;
				INFOPLIST_FILE = TestGitTests/Info.plist;
				LD_RUNPATH_SEARCH_PATHS = "$(inherited) @executable_path/Frameworks @loader_path/Frameworks";
				PRODUCT_BUNDLE_IDENTIFIER = chci.TestGitTests;
				PRODUCT_NAME = "$(TARGET_NAME)";
				SWIFT_VERSION = 4.0;
				TARGETED_DEVICE_FAMILY = "1,2";
				TEST_HOST = "$(BUILT_PRODUCTS_DIR)/TestGit.app/TestGit";
			};
			name = Release;
		};
		BCF36B021FCDAD7900D76823 /* Debug */ = {
			isa = XCBuildConfiguration;
			buildSettings = {
				ALWAYS_EMBED_SWIFT_STANDARD_LIBRARIES = YES;
				CODE_SIGN_STYLE = Automatic;
				INFOPLIST_FILE = TestGitUITests/Info.plist;
				LD_RUNPATH_SEARCH_PATHS = "$(inherited) @executable_path/Frameworks @loader_path/Frameworks";
				PRODUCT_BUNDLE_IDENTIFIER = chci.TestGitUITests;
				PRODUCT_NAME = "$(TARGET_NAME)";
				SWIFT_VERSION = 4.0;
				TARGETED_DEVICE_FAMILY = "1,2";
				TEST_TARGET_NAME = TestGit;
			};
			name = Debug;
		};
		BCF36B031FCDAD7900D76823 /* Release */ = {
			isa = XCBuildConfiguration;
			buildSettings = {
				ALWAYS_EMBED_SWIFT_STANDARD_LIBRARIES = YES;
				CODE_SIGN_STYLE = Automatic;
				INFOPLIST_FILE = TestGitUITests/Info.plist;
				LD_RUNPATH_SEARCH_PATHS = "$(inherited) @executable_path/Frameworks @loader_path/Frameworks";
				PRODUCT_BUNDLE_IDENTIFIER = chci.TestGitUITests;
				PRODUCT_NAME = "$(TARGET_NAME)";
				SWIFT_VERSION = 4.0;
				TARGETED_DEVICE_FAMILY = "1,2";
				TEST_TARGET_NAME = TestGit;
			};
			name = Release;
		};
/* End XCBuildConfiguration section */

/* Begin XCConfigurationList section */
		BCF36ACE1FCDAD7900D76823 /* Build configuration list for PBXProject "TestGit" */ = {
			isa = XCConfigurationList;
			buildConfigurations = (
				BCF36AF91FCDAD7900D76823 /* Debug */,
				BCF36AFA1FCDAD7900D76823 /* Release */,
			);
			defaultConfigurationIsVisible = 0;
			defaultConfigurationName = Release;
		};
		BCF36AFB1FCDAD7900D76823 /* Build configuration list for PBXNativeTarget "TestGit" */ = {
			isa = XCConfigurationList;
			buildConfigurations = (
				BCF36AFC1FCDAD7900D76823 /* Debug */,
				BCF36AFD1FCDAD7900D76823 /* Release */,
			);
			defaultConfigurationIsVisible = 0;
			defaultConfigurationName = Release;
		};
		BCF36AFE1FCDAD7900D76823 /* Build configuration list for PBXNativeTarget "TestGitTests" */ = {
			isa = XCConfigurationList;
			buildConfigurations = (
				BCF36AFF1FCDAD7900D76823 /* Debug */,
				BCF36B001FCDAD7900D76823 /* Release */,
			);
			defaultConfigurationIsVisible = 0;
			defaultConfigurationName = Release;
		};
		BCF36B011FCDAD7900D76823 /* Build configuration list for PBXNativeTarget "TestGitUITests" */ = {
			isa = XCConfigurationList;
			buildConfigurations = (
				BCF36B021FCDAD7900D76823 /* Debug */,
				BCF36B031FCDAD7900D76823 /* Release */,
			);
			defaultConfigurationIsVisible = 0;
			defaultConfigurationName = Release;
		};
/* End XCConfigurationList section */
	};
	rootObject = BCF36ACB1FCDAD7900D76823 /* Project object */;
}
